
Microsoft Visual Studio Solution File, Format Version 11.00
# Visual Studio 2010
Project("{FAE04EC0-301F-11D3-BF4B-00C04F79EFBC}") = "Baruatta", "Baruatta\Baruatta.csproj", "{4FDD29AB-7BD9-4F7F-A2E2-A6BF7F1930C0}"
EndProject
Project("{FAE04EC0-301F-11D3-BF4B-00C04F79EFBC}") = "ICSharpCode.SharpDevelop", "Project\ICSharpCode.SharpDevelop.csproj", "{2748AD25-9C63-4E12-877B-4DCE96FBED54}"
EndProject
Project("{FAE04EC0-301F-11D3-BF4B-00C04F79EFBC}") = "ICSharpCode.Core", "Core\ICSharpCode.Core.csproj", "{35CEF10F-2D4C-45F2-9DD1-161E0FEC583C}"
EndProject
Global
	GlobalSection(SolutionConfigurationPlatforms) = preSolution
		Debug|Any CPU = Debug|Any CPU
		Debug|Mixed Platforms = Debug|Mixed Platforms
		Debug|x86 = Debug|x86
		Release|Any CPU = Release|Any CPU
		Release|Mixed Platforms = Release|Mixed Platforms
		Release|x86 = Release|x86
	EndGlobalSection
	GlobalSection(ProjectConfigurationPlatforms) = postSolution
		{4FDD29AB-7BD9-4F7F-A2E2-A6BF7F1930C0}.Debug|Any CPU.ActiveCfg = Debug|x86
		{4FDD29AB-7BD9-4F7F-A2E2-A6BF7F1930C0}.Debug|Mixed Platforms.ActiveCfg = Debug|x86
		{4FDD29AB-7BD9-4F7F-A2E2-A6BF7F1930C0}.Debug|Mixed Platforms.Build.0 = Debug|x86
		{4FDD29AB-7BD9-4F7F-A2E2-A6BF7F1930C0}.Debug|x86.ActiveCfg = Debug|x86
		{4FDD29AB-7BD9-4F7F-A2E2-A6BF7F1930C0}.Debug|x86.Build.0 = Debug|x86
		{4FDD29AB-7BD9-4F7F-A2E2-A6BF7F1930C0}.Release|Any CPU.ActiveCfg = Release|x86
		{4FDD29AB-7BD9-4F7F-A2E2-A6BF7F1930C0}.Release|Mixed Platforms.ActiveCfg = Release|x86
		{4FDD29AB-7BD9-4F7F-A2E2-A6BF7F1930C0}.Release|Mixed Platforms.Build.0 = Release|x86
		{4FDD29AB-7BD9-4F7F-A2E2-A6BF7F1930C0}.Release|x86.ActiveCfg = Release|x86
		{4FDD29AB-7BD9-4F7F-A2E2-A6BF7F1930C0}.Release|x86.Build.0 = Release|x86
		{2748AD25-9C63-4E12-877B-4DCE96FBED54}.Debug|Any CPU.ActiveCfg = Debug|Any CPU
		{2748AD25-9C63-4E12-877B-4DCE96FBED54}.Debug|Any CPU.Build.0 = Debug|Any CPU
		{2748AD25-9C63-4E12-877B-4DCE96FBED54}.Debug|Mixed Platforms.ActiveCfg = Debug|Any CPU
		{2748AD25-9C63-4E12-877B-4DCE96FBED54}.Debug|Mixed Platforms.Build.0 = Debug|Any CPU
		{2748AD25-9C63-4E12-877B-4DCE96FBED54}.Debug|x86.ActiveCfg = Debug|Any CPU
		{2748AD25-9C63-4E12-877B-4DCE96FBED54}.Release|Any CPU.ActiveCfg = Release|Any CPU
		{2748AD25-9C63-4E12-877B-4DCE96FBED54}.Release|Any CPU.Build.0 = Release|Any CPU
		{2748AD25-9C63-4E12-877B-4DCE96FBED54}.Release|Mixed Platforms.ActiveCfg = Release|Any CPU
		{2748AD25-9C63-4E12-877B-4DCE96FBED54}.Release|Mixed Platforms.Build.0 = Release|Any CPU
		{2748AD25-9C63-4E12-877B-4DCE96FBED54}.Release|x86.ActiveCfg = Release|Any CPU
		{35CEF10F-2D4C-45F2-9DD1-161E0FEC583C}.Debug|Any CPU.ActiveCfg = Debug|Any CPU
		{35CEF10F-2D4C-45F2-9DD1-161E0FEC583C}.Debug|Any CPU.Build.0 = Debug|Any CPU
		{35CEF10F-2D4C-45F2-9DD1-161E0FEC583C}.Debug|Mixed Platforms.ActiveCfg = Debug|Any CPU
		{35CEF10F-2D4C-45F2-9DD1-161E0FEC583C}.Debug|Mixed Platforms.Build.0 = Debug|Any CPU
		{35CEF10F-2D4C-45F2-9DD1-161E0FEC583C}.Debug|x86.ActiveCfg = Debug|Any CPU
		{35CEF10F-2D4C-45F2-9DD1-161E0FEC583C}.Release|Any CPU.ActiveCfg = Release|Any CPU
		{35CEF10F-2D4C-45F2-9DD1-161E0FEC583C}.Release|Any CPU.Build.0 = Release|Any CPU
		{35CEF10F-2D4C-45F2-9DD1-161E0FEC583C}.Release|Mixed Platforms.ActiveCfg = Release|Any CPU
		{35CEF10F-2D4C-45F2-9DD1-161E0FEC583C}.Release|Mixed Platforms.Build.0 = Release|Any CPU
		{35CEF10F-2D4C-45F2-9DD1-161E0FEC583C}.Release|x86.ActiveCfg = Release|Any CPU
	EndGlobalSection
	GlobalSection(SolutionProperties) = preSolution
		HideSolutionNode = FALSE
	EndGlobalSection
EndGlobal
